
Microsoft Visual Studio Solution File, Format Version 12.00
# Visual Studio Version 17
VisualStudioVersion = 17.5.002.0
MinimumVisualStudioVersion = 10.0.40219.1
Project("{9A19103F-16F7-4668-BE54-9A1E7A4F7556}") = "tl2-tp1-2024-FedeBGitHub", "tl2-tp1-2024-FedeBGitHub.csproj", "{4A5F473E-35BF-4CBB-9B9C-2DCC14D0070C}"
EndProject
Global
	GlobalSection(SolutionConfigurationPlatforms) = preSolution
		Debug|Any CPU = Debug|Any CPU
		Release|Any CPU = Release|Any CPU
	EndGlobalSection
	GlobalSection(ProjectConfigurationPlatforms) = postSolution
		{4A5F473E-35BF-4CBB-9B9C-2DCC14D0070C}.Debug|Any CPU.ActiveCfg = Debug|Any CPU
		{4A5F473E-35BF-4CBB-9B9C-2DCC14D0070C}.Debug|Any CPU.Build.0 = Debug|Any CPU
		{4A5F473E-35BF-4CBB-9B9C-2DCC14D0070C}.Release|Any CPU.ActiveCfg = Release|Any CPU
		{4A5F473E-35BF-4CBB-9B9C-2DCC14D0070C}.Release|Any CPU.Build.0 = Release|Any CPU
	EndGlobalSection
	GlobalSection(SolutionProperties) = preSolution
		HideSolutionNode = FALSE
	EndGlobalSection
	GlobalSection(ExtensibilityGlobals) = postSolution
		SolutionGuid = {F588CEFF-A8BB-4E4E-BAAD-CD6ADD42B02E}
	EndGlobalSection
EndGlobal
